
Microsoft Visual Studio Solution File, Format Version 12.00
# Visual Studio Version 17
VisualStudioVersion = 17.7.34221.43
MinimumVisualStudioVersion = 10.0.40219.1
Project("{FAE04EC0-301F-11D3-BF4B-00C04F79EFBC}") = "T16_5", "T16_5.csproj", "{8782C09E-F9C9-4F80-8454-E00DBDC2EC43}"
EndProject
Global
	GlobalSection(SolutionConfigurationPlatforms) = preSolution
		Debug|Any CPU = Debug|Any CPU
		Release|Any CPU = Release|Any CPU
	EndGlobalSection
	GlobalSection(ProjectConfigurationPlatforms) = postSolution
		{8782C09E-F9C9-4F80-8454-E00DBDC2EC43}.Debug|Any CPU.ActiveCfg = Debug|Any CPU
		{8782C09E-F9C9-4F80-8454-E00DBDC2EC43}.Debug|Any CPU.Build.0 = Debug|Any CPU
		{8782C09E-F9C9-4F80-8454-E00DBDC2EC43}.Release|Any CPU.ActiveCfg = Release|Any CPU
		{8782C09E-F9C9-4F80-8454-E00DBDC2EC43}.Release|Any CPU.Build.0 = Release|Any CPU
	EndGlobalSection
	GlobalSection(SolutionProperties) = preSolution
		HideSolutionNode = FALSE
	EndGlobalSection
	GlobalSection(ExtensibilityGlobals) = postSolution
		SolutionGuid = {CF919471-F982-48FA-B3A8-028588882355}
	EndGlobalSection
EndGlobal
